PODS:
  - Flutter (1.0.0)
  - mob_pushsdk (3.0.3):
    - mob_pushsdk/MobPush (= 3.0.3)
    - MOBFoundation
  - mob_pushsdk/MobPush (3.0.3):
    - MOBFoundation
  - MOBFoundation (3.2.26)
  - mobpush_plugin (1.1.0):
    - Flutter
    - mob_pushsdk

DEPENDENCIES:
  - Flutter (from `Flutter`)
  - mobpush_plugin (from `.symlinks/plugins/mobpush_plugin/ios`)

SPEC REPOS:
  trunk:
    - mob_pushsdk
    - MOBFoundation

EXTERNAL SOURCES:
  Flutter:
    :path: Flutter
  mobpush_plugin:
    :path: ".symlinks/plugins/mobpush_plugin/ios"

SPEC CHECKSUMS:
  Flutter: 434fef37c0980e73bb6479ef766c45957d4b510c
  mob_pushsdk: da91cf00e2bc3ac01b5cbd58a204e0a0d1b4c145
  MOBFoundation: 2abd23c80c33d1337d30dc4b0018ed914cef8f8e
  mobpush_plugin: cef79d95989d79c71a340fadeecf18bc566c89e0

PODFILE CHECKSUM: 8e679eca47255a8ca8067c4c67aab20e64cb974d

COCOAPODS: 1.10.1
