PODS:
  - Flutter (1.0.0)
  - mob_pushsdk (2.3.2):
    - mob_pushsdk/MobPush (= 2.3.2)
    - MOBFoundation
  - mob_pushsdk/MobPush (2.3.2):
    - MOBFoundation
  - MOBFoundation (3.2.9)
  - mobpush_plugin (1.0.7):
    - Flutter
    - mob_pushsdk

DEPENDENCIES:
  - Flutter (from `.symlinks/flutter/ios`)
  - mobpush_plugin (from `.symlinks/plugins/mobpush_plugin/ios`)

SPEC REPOS:
  trunk:
    - mob_pushsdk
    - MOBFoundation

EXTERNAL SOURCES:
  Flutter:
    :path: ".symlinks/flutter/ios"
  mobpush_plugin:
    :path: ".symlinks/plugins/mobpush_plugin/ios"

SPEC CHECKSUMS:
  Flutter: 0e3d915762c693b495b44d77113d4970485de6ec
  mob_pushsdk: 2c5d9e53d8598d87c6c33e4f5dc5deea1e197951
  MOBFoundation: 1d1e72421680d7f6e17734070e95484c4fbacc6e
  mobpush_plugin: 7b5a56692c538bc06e0386916cf7b21f77c1eb09

PODFILE CHECKSUM: 7fb83752f59ead6285236625b82473f90b1cb932

COCOAPODS: 1.8.3
