PODS:
  - Flutter (1.0.0)
  - mob_pushsdk (3.0.0):
    - mob_pushsdk/MobPush (= 3.0.0)
    - MOBFoundation
  - mob_pushsdk/MobPush (3.0.0):
    - MOBFoundation
  - MOBFoundation (3.2.14)
  - mobpush_plugin (1.0.7):
    - Flutter
    - mob_pushsdk

DEPENDENCIES:
  - Flutter (from `.symlinks/flutter/ios`)
  - mobpush_plugin (from `.symlinks/plugins/mobpush_plugin/ios`)

SPEC REPOS:
  trunk:
    - mob_pushsdk
    - MOBFoundation

EXTERNAL SOURCES:
  Flutter:
    :path: ".symlinks/flutter/ios"
  mobpush_plugin:
    :path: ".symlinks/plugins/mobpush_plugin/ios"

SPEC CHECKSUMS:
  Flutter: 58dd7d1b27887414a370fcccb9e645c08ffd7a6a
  mob_pushsdk: c8247529f3a2f4a8790cc8abebf1dabaf79c7add
  MOBFoundation: 1663e6202a753bfa4bc7e889a837362870510587
  mobpush_plugin: 7b5a56692c538bc06e0386916cf7b21f77c1eb09

PODFILE CHECKSUM: 7fb83752f59ead6285236625b82473f90b1cb932

COCOAPODS: 1.9.1
