PODS:
  - Flutter (1.0.0)
  - mob_pushsdk (1.7.4.1):
    - mob_pushsdk/MobPush (= 1.7.4.1)
    - MOBFoundation
  - mob_pushsdk/MobPush (1.7.4.1):
    - MOBFoundation
  - MOBFoundation (3.2.4)
  - mobpush (1.0.1):
    - Flutter
    - mob_pushsdk

DEPENDENCIES:
  - Flutter (from `.symlinks/flutter/ios`)
  - mobpush (from `.symlinks/plugins/mobpush/ios`)

SPEC REPOS:
  https://github.com/CocoaPods/Specs.git:
    - mob_pushsdk
    - MOBFoundation

EXTERNAL SOURCES:
  Flutter:
    :path: ".symlinks/flutter/ios"
  mobpush:
    :path: ".symlinks/plugins/mobpush/ios"

SPEC CHECKSUMS:
  Flutter: 0e3d915762c693b495b44d77113d4970485de6ec
  mob_pushsdk: 2d5c42cf29a5efcafee7e44e1ba468f82a6700d8
  MOBFoundation: dd8f319dde9331590d515a1676d27baccc0070e5
  mobpush: 452cb71f1cfdf431be9070f390d921b9d7a304b9

PODFILE CHECKSUM: 81d9101721a74b9b88ddd9e9dfe15eec968bc82e

COCOAPODS: 1.8.3
